
Microsoft Visual Studio Solution File, Format Version 12.00
# Visual Studio Version 17
VisualStudioVersion = 17.13.35828.75
MinimumVisualStudioVersion = 10.0.40219.1
Project("{2150E333-8FDC-42A3-9474-1A3956D46DE8}") = "Services", "Services", "{02EA681E-C7D8-13C7-8484-4AC65E1B71E8}"
EndProject
Project("{2150E333-8FDC-42A3-9474-1A3956D46DE8}") = "Catalog", "Catalog", "{EE7490E5-EDF6-477A-A962-A9E4E76C0E92}"
EndProject
Project("{2150E333-8FDC-42A3-9474-1A3956D46DE8}") = "BuildingBlocks", "BuildingBlocks", "{BAF2DD36-A317-4A4C-824C-5A3854619CF1}"
EndProject
Project("{FAE04EC0-301F-11D3-BF4B-00C04F79EFBC}") = "BuildingBlocks", "BuildingBlocks\BuildingBlocks.csproj", "{5AC28D36-B013-4F48-9BBC-54E765427708}"
EndProject
Project("{E53339B2-1760-4266-BCC7-CA923CBCF16C}") = "docker-compose", "docker-compose.dcproj", "{81DDED9D-158B-E303-5F62-77A2896D2A5A}"
EndProject
Project("{2150E333-8FDC-42A3-9474-1A3956D46DE8}") = "Basket", "Basket", "{ACB333C9-8E4E-418F-9090-5940533E5653}"
EndProject
Project("{FAE04EC0-301F-11D3-BF4B-00C04F79EFBC}") = "Catalog.API", "Services\Catalog.API\Catalog.API.csproj", "{F5E03E87-19CD-217B-FD1F-57440F89F464}"
EndProject
Project("{FAE04EC0-301F-11D3-BF4B-00C04F79EFBC}") = "Basket.API", "Services\Basket.API\Basket.API.csproj", "{826819DA-DA24-49FC-AFF7-2554A818C0FD}"
EndProject
Global
	GlobalSection(SolutionConfigurationPlatforms) = preSolution
		Debug|Any CPU = Debug|Any CPU
		Release|Any CPU = Release|Any CPU
	EndGlobalSection
	GlobalSection(ProjectConfigurationPlatforms) = postSolution
		{5AC28D36-B013-4F48-9BBC-54E765427708}.Debug|Any CPU.ActiveCfg = Debug|Any CPU
		{5AC28D36-B013-4F48-9BBC-54E765427708}.Debug|Any CPU.Build.0 = Debug|Any CPU
		{5AC28D36-B013-4F48-9BBC-54E765427708}.Release|Any CPU.ActiveCfg = Release|Any CPU
		{5AC28D36-B013-4F48-9BBC-54E765427708}.Release|Any CPU.Build.0 = Release|Any CPU
		{81DDED9D-158B-E303-5F62-77A2896D2A5A}.Debug|Any CPU.ActiveCfg = Debug|Any CPU
		{81DDED9D-158B-E303-5F62-77A2896D2A5A}.Debug|Any CPU.Build.0 = Debug|Any CPU
		{81DDED9D-158B-E303-5F62-77A2896D2A5A}.Release|Any CPU.ActiveCfg = Release|Any CPU
		{81DDED9D-158B-E303-5F62-77A2896D2A5A}.Release|Any CPU.Build.0 = Release|Any CPU
		{F5E03E87-19CD-217B-FD1F-57440F89F464}.Debug|Any CPU.ActiveCfg = Debug|Any CPU
		{F5E03E87-19CD-217B-FD1F-57440F89F464}.Debug|Any CPU.Build.0 = Debug|Any CPU
		{F5E03E87-19CD-217B-FD1F-57440F89F464}.Release|Any CPU.ActiveCfg = Release|Any CPU
		{F5E03E87-19CD-217B-FD1F-57440F89F464}.Release|Any CPU.Build.0 = Release|Any CPU
		{826819DA-DA24-49FC-AFF7-2554A818C0FD}.Debug|Any CPU.ActiveCfg = Debug|Any CPU
		{826819DA-DA24-49FC-AFF7-2554A818C0FD}.Debug|Any CPU.Build.0 = Debug|Any CPU
		{826819DA-DA24-49FC-AFF7-2554A818C0FD}.Release|Any CPU.ActiveCfg = Release|Any CPU
		{826819DA-DA24-49FC-AFF7-2554A818C0FD}.Release|Any CPU.Build.0 = Release|Any CPU
	EndGlobalSection
	GlobalSection(SolutionProperties) = preSolution
		HideSolutionNode = FALSE
	EndGlobalSection
	GlobalSection(NestedProjects) = preSolution
		{EE7490E5-EDF6-477A-A962-A9E4E76C0E92} = {02EA681E-C7D8-13C7-8484-4AC65E1B71E8}
		{5AC28D36-B013-4F48-9BBC-54E765427708} = {BAF2DD36-A317-4A4C-824C-5A3854619CF1}
		{ACB333C9-8E4E-418F-9090-5940533E5653} = {02EA681E-C7D8-13C7-8484-4AC65E1B71E8}
		{F5E03E87-19CD-217B-FD1F-57440F89F464} = {EE7490E5-EDF6-477A-A962-A9E4E76C0E92}
		{826819DA-DA24-49FC-AFF7-2554A818C0FD} = {ACB333C9-8E4E-418F-9090-5940533E5653}
	EndGlobalSection
	GlobalSection(ExtensibilityGlobals) = postSolution
		SolutionGuid = {2E662142-3F06-4F50-B893-F59EDA8726A9}
	EndGlobalSection
EndGlobal
